{
  "name": "dropfiles-uploader",
  "version": "1.2.0",
  "lockfileVersion": 3,
  "requires": true,
  "packages": {
    "": {
      "name": "dropfiles-uploader",
      "version": "1.2.0",
      "license": "MIT",
      "devDependencies": {
        "grunt": "^1.6.1",
        "grunt-contrib-clean": "^2.0.1",
        "grunt-contrib-concat": "^2.1.0",
        "grunt-contrib-copy": "^1.0.0",
        "grunt-contrib-cssmin": "^5.0.0",
        "grunt-contrib-jshint": "^3.2.0",
        "grunt-contrib-nodeunit": "^5.0.0",
        "grunt-contrib-uglify": "^5.2.2",
        "jshint-stylish": "^2.2.1"
      }
    }
  }
}
